{
  "name": "demo-amazon-ses-alternative",
  "version": "1.0.0",
  "lockfileVersion": 3,
  "requires": true,
  "packages": {
    "": {
      "name": "demo-amazon-ses-alternative",
      "version": "1.0.0",
      "license": "MIT",
      "dependencies": {
        "mailkite": "^0.11.0"
      },
      "engines": {
        "node": ">=18"
      }
    },
    "node_modules/mailkite": {
      "version": "0.11.0",
      "resolved": "https://registry.npmjs.org/mailkite/-/mailkite-0.11.0.tgz",
      "integrity": "sha512-+C4anben0t2Thy47+td4WxY0AXvAol51six7aHR+NMh2TRDPN3qAQ7cOsmHA5WfzR1YyBuzhD+D3+1Ky7NQcBw==",
      "license": "MIT",
      "engines": {
        "node": ">=18"
      }
    }
  }
}
